
Microsoft Visual Studio Solution File, Format Version 12.00
# Visual Studio Version 16
VisualStudioVersion = 16.0.32228.343
MinimumVisualStudioVersion = 10.0.40219.1
Project("{FAE04EC0-301F-11D3-BF4B-00C04F79EFBC}") = "Arrays", "Arrays\Arrays.csproj", "{5033510D-BEF6-4192-9B0B-70428AEE578B}"
EndProject
Global
	GlobalSection(SolutionConfigurationPlatforms) = preSolution
		Debug|Any CPU = Debug|Any CPU
		Release|Any CPU = Release|Any CPU
	EndGlobalSection
	GlobalSection(ProjectConfigurationPlatforms) = postSolution
		{5033510D-BEF6-4192-9B0B-70428AEE578B}.Debug|Any CPU.ActiveCfg = Debug|Any CPU
		{5033510D-BEF6-4192-9B0B-70428AEE578B}.Debug|Any CPU.Build.0 = Debug|Any CPU
		{5033510D-BEF6-4192-9B0B-70428AEE578B}.Release|Any CPU.ActiveCfg = Release|Any CPU
		{5033510D-BEF6-4192-9B0B-70428AEE578B}.Release|Any CPU.Build.0 = Release|Any CPU
	EndGlobalSection
	GlobalSection(SolutionProperties) = preSolution
		HideSolutionNode = FALSE
	EndGlobalSection
	GlobalSection(ExtensibilityGlobals) = postSolution
		SolutionGuid = {D9E7EDD6-97B4-420E-A785-3A4EFE3C8D35}
	EndGlobalSection
EndGlobal
